
Microsoft Visual Studio Solution File, Format Version 12.00
# Visual Studio Version 17
VisualStudioVersion = 17.0.31903.59
MinimumVisualStudioVersion = 10.0.40219.1
Project("{2150E333-8FDC-42A3-9474-1A3956D46DE8}") = "src", "src", "{47C03638-BAE2-4764-8B22-224F5A618221}"
EndProject
Project("{FAE04EC0-301F-11D3-BF4B-00C04F79EFBC}") = "Barly.Domain", "src\Barly.Domain\Barly.Domain.csproj", "{3EE15126-0847-4DFA-AF0B-8470CA9DA41C}"
EndProject
Project("{FAE04EC0-301F-11D3-BF4B-00C04F79EFBC}") = "Barly.WebApi", "src\Barly.WebApi\Barly.WebApi.csproj", "{56D0934A-0993-444B-99FD-8E35110185D3}"
EndProject
Project("{FAE04EC0-301F-11D3-BF4B-00C04F79EFBC}") = "Barly.BusinessLogic", "src\Barly.BusinessLogic\Barly.BusinessLogic.csproj", "{FDA073B1-5658-4B43-BD7B-11A6255A4914}"
EndProject
Project("{2150E333-8FDC-42A3-9474-1A3956D46DE8}") = "tests", "tests", "{BDB60816-A3D0-4DBD-AB11-557EAEA2860E}"
EndProject
Project("{FAE04EC0-301F-11D3-BF4B-00C04F79EFBC}") = "Barly.WebApi.UnitTests", "tests\Barly.WebApi.UnitTests\Barly.WebApi.UnitTests.csproj", "{F0AA870E-EA02-4CEC-86E3-347C69D62194}"
EndProject
Project("{FAE04EC0-301F-11D3-BF4B-00C04F79EFBC}") = "Barly.Domain.UnitTests", "tests\Barly.Domain.UnitTests\Barly.Domain.UnitTests.csproj", "{DF35388E-27C1-454A-B8E9-1E202B1A5637}"
EndProject
Project("{FAE04EC0-301F-11D3-BF4B-00C04F79EFBC}") = "Barly.BusinessLogic.UnitTests", "tests\Barly.BusinessLogic.UnitTests\Barly.BusinessLogic.UnitTests.csproj", "{6357A955-E15A-47F6-B94B-477591C82B00}"
EndProject
Global
	GlobalSection(SolutionConfigurationPlatforms) = preSolution
		Debug|Any CPU = Debug|Any CPU
		Release|Any CPU = Release|Any CPU
	EndGlobalSection
	GlobalSection(SolutionProperties) = preSolution
		HideSolutionNode = FALSE
	EndGlobalSection
	GlobalSection(ProjectConfigurationPlatforms) = postSolution
		{3EE15126-0847-4DFA-AF0B-8470CA9DA41C}.Debug|Any CPU.ActiveCfg = Debug|Any CPU
		{3EE15126-0847-4DFA-AF0B-8470CA9DA41C}.Debug|Any CPU.Build.0 = Debug|Any CPU
		{3EE15126-0847-4DFA-AF0B-8470CA9DA41C}.Release|Any CPU.ActiveCfg = Release|Any CPU
		{3EE15126-0847-4DFA-AF0B-8470CA9DA41C}.Release|Any CPU.Build.0 = Release|Any CPU
		{56D0934A-0993-444B-99FD-8E35110185D3}.Debug|Any CPU.ActiveCfg = Debug|Any CPU
		{56D0934A-0993-444B-99FD-8E35110185D3}.Debug|Any CPU.Build.0 = Debug|Any CPU
		{56D0934A-0993-444B-99FD-8E35110185D3}.Release|Any CPU.ActiveCfg = Release|Any CPU
		{56D0934A-0993-444B-99FD-8E35110185D3}.Release|Any CPU.Build.0 = Release|Any CPU
		{FDA073B1-5658-4B43-BD7B-11A6255A4914}.Debug|Any CPU.ActiveCfg = Debug|Any CPU
		{FDA073B1-5658-4B43-BD7B-11A6255A4914}.Debug|Any CPU.Build.0 = Debug|Any CPU
		{FDA073B1-5658-4B43-BD7B-11A6255A4914}.Release|Any CPU.ActiveCfg = Release|Any CPU
		{FDA073B1-5658-4B43-BD7B-11A6255A4914}.Release|Any CPU.Build.0 = Release|Any CPU
		{F0AA870E-EA02-4CEC-86E3-347C69D62194}.Debug|Any CPU.ActiveCfg = Debug|Any CPU
		{F0AA870E-EA02-4CEC-86E3-347C69D62194}.Debug|Any CPU.Build.0 = Debug|Any CPU
		{F0AA870E-EA02-4CEC-86E3-347C69D62194}.Release|Any CPU.ActiveCfg = Release|Any CPU
		{F0AA870E-EA02-4CEC-86E3-347C69D62194}.Release|Any CPU.Build.0 = Release|Any CPU
		{DF35388E-27C1-454A-B8E9-1E202B1A5637}.Debug|Any CPU.ActiveCfg = Debug|Any CPU
		{DF35388E-27C1-454A-B8E9-1E202B1A5637}.Debug|Any CPU.Build.0 = Debug|Any CPU
		{DF35388E-27C1-454A-B8E9-1E202B1A5637}.Release|Any CPU.ActiveCfg = Release|Any CPU
		{DF35388E-27C1-454A-B8E9-1E202B1A5637}.Release|Any CPU.Build.0 = Release|Any CPU
		{6357A955-E15A-47F6-B94B-477591C82B00}.Debug|Any CPU.ActiveCfg = Debug|Any CPU
		{6357A955-E15A-47F6-B94B-477591C82B00}.Debug|Any CPU.Build.0 = Debug|Any CPU
		{6357A955-E15A-47F6-B94B-477591C82B00}.Release|Any CPU.ActiveCfg = Release|Any CPU
		{6357A955-E15A-47F6-B94B-477591C82B00}.Release|Any CPU.Build.0 = Release|Any CPU
	EndGlobalSection
	GlobalSection(NestedProjects) = preSolution
		{3EE15126-0847-4DFA-AF0B-8470CA9DA41C} = {47C03638-BAE2-4764-8B22-224F5A618221}
		{56D0934A-0993-444B-99FD-8E35110185D3} = {47C03638-BAE2-4764-8B22-224F5A618221}
		{FDA073B1-5658-4B43-BD7B-11A6255A4914} = {47C03638-BAE2-4764-8B22-224F5A618221}
		{F0AA870E-EA02-4CEC-86E3-347C69D62194} = {BDB60816-A3D0-4DBD-AB11-557EAEA2860E}
		{DF35388E-27C1-454A-B8E9-1E202B1A5637} = {BDB60816-A3D0-4DBD-AB11-557EAEA2860E}
		{6357A955-E15A-47F6-B94B-477591C82B00} = {BDB60816-A3D0-4DBD-AB11-557EAEA2860E}
	EndGlobalSection
EndGlobal
